// !$*UTF8*$!
{
	archiveVersion = 1;
	classes = {
	};
	objectVersion = 50;
	objects = {

/* Begin PBXBuildFile section */
		BA236E482455505600E71519 /* AppDelegate.swift in Sources */ = {isa = PBXBuildFile; fileRef = BA236E472455505600E71519 /* AppDelegate.swift */; };
		BA236E4A2455505600E71519 /* SceneDelegate.swift in Sources */ = {isa = PBXBuildFile; fileRef = BA236E492455505600E71519 /* SceneDelegate.swift */; };
		BA236E4C2455505600E71519 /* ViewController.swift in Sources */ = {isa = PBXBuildFile; fileRef = BA236E4B2455505600E71519 /* ViewController.swift */; };
		BA236E4F2455505600E71519 /* Main.storyboard in Resources */ = {isa = PBXBuildFile; fileRef = BA236E4D2455505600E71519 /* Main.storyboard */; };
		BA236E512455505900E71519 /* Assets.xcassets in Resources */ = {isa = PBXBuildFile; fileRef = BA236E502455505900E71519 /* Assets.xcassets */; };
		BA236E542455505900E71519 /* LaunchScreen.storyboard in Resources */ = {isa = PBXBuildFile; fileRef = BA236E522455505900E71519 /* LaunchScreen.storyboard */; };
		BA236E7A245553EB00E71519 /* Ar.png in Resources */ = {isa = PBXBuildFile; fileRef = BA236E5C245553EB00E71519 /* Ar.png */; };
		BA236E7B245553EB00E71519 /* 3co.png in Resources */ = {isa = PBXBuildFile; fileRef = BA236E5D245553EB00E71519 /* 3co.png */; };
		BA236E7C245553EB00E71519 /* Ac.png in Resources */ = {isa = PBXBuildFile; fileRef = BA236E5E245553EB00E71519 /* Ac.png */; };
		BA236E7D245553EB00E71519 /* Ab.png in Resources */ = {isa = PBXBuildFile; fileRef = BA236E5F245553EB00E71519 /* Ab.png */; };
		BA236E7E245553EB00E71519 /* Qco.png in Resources */ = {isa = PBXBuildFile; fileRef = BA236E60245553EB00E71519 /* Qco.png */; };
		BA236E7F245553EB00E71519 /* Jco.png in Resources */ = {isa = PBXBuildFile; fileRef = BA236E61245553EB00E71519 /* Jco.png */; };
		BA236E80245553EB00E71519 /* Jb.png in Resources */ = {isa = PBXBuildFile; fileRef = BA236E62245553EB00E71519 /* Jb.png */; };
		BA236E81245553EB00E71519 /* 2co.png in Resources */ = {isa = PBXBuildFile; fileRef = BA236E63245553EB00E71519 /* 2co.png */; };
		BA236E82245553EB00E71519 /* Jc.png in Resources */ = {isa = PBXBuildFile; fileRef = BA236E64245553EB00E71519 /* Jc.png */; };
		BA236E83245553EB00E71519 /* Kr.png in Resources */ = {isa = PBXBuildFile; fileRef = BA236E65245553EB00E71519 /* Kr.png */; };
		BA236E84245553EB00E71519 /* Kco.png in Resources */ = {isa = PBXBuildFile; fileRef = BA236E66245553EB00E71519 /* Kco.png */; };
		BA236E85245553EB00E71519 /* Jr.png in Resources */ = {isa = PBXBuildFile; fileRef = BA236E67245553EB00E71519 /* Jr.png */; };
		BA236E86245553EB00E71519 /* 4co.png in Resources */ = {isa = PBXBuildFile; fileRef = BA236E68245553EB00E71519 /* 4co.png */; };
		BA236E87245553EB00E71519 /* Kc.png in Resources */ = {isa = PBXBuildFile; fileRef = BA236E69245553EB00E71519 /* Kc.png */; };
		BA236E88245553EB00E71519 /* Kb.png in Resources */ = {isa = PBXBuildFile; fileRef = BA236E6A245553EB00E71519 /* Kb.png */; };
		BA236E89245553EB00E71519 /* 3c.png in Resources */ = {isa = PBXBuildFile; fileRef = BA236E6B245553EB00E71519 /* 3c.png */; };
		BA236E8A245553EB00E71519 /* 3b.png in Resources */ = {isa = PBXBuildFile; fileRef = BA236E6C245553EB00E71519 /* 3b.png */; };
		BA236E8B245553EB00E71519 /* Qb.png in Resources */ = {isa = PBXBuildFile; fileRef = BA236E6D245553EB00E71519 /* Qb.png */; };
		BA236E8C245553EB00E71519 /* 8co.png in Resources */ = {isa = PBXBuildFile; fileRef = BA236E6E245553EB00E71519 /* 8co.png */; };
		BA236E8D245553EB00E71519 /* 2r.png in Resources */ = {isa = PBXBuildFile; fileRef = BA236E6F245553EB00E71519 /* 2r.png */; };
		BA236E8E245553EB00E71519 /* Qc.png in Resources */ = {isa = PBXBuildFile; fileRef = BA236E70245553EB00E71519 /* Qc.png */; };
		BA236E8F245553EB00E71519 /* 3r.png in Resources */ = {isa = PBXBuildFile; fileRef = BA236E71245553EB00E71519 /* 3r.png */; };
		BA236E90245553EB00E71519 /* matup.png in Resources */ = {isa = PBXBuildFile; fileRef = BA236E72245553EB00E71519 /* matup.png */; };
		BA236E91245553EB00E71519 /* 2b.png in Resources */ = {isa = PBXBuildFile; fileRef = BA236E73245553EB00E71519 /* 2b.png */; };
		BA236E92245553EB00E71519 /* Aco.png in Resources */ = {isa = PBXBuildFile; fileRef = BA236E74245553EB00E71519 /* Aco.png */; };
		BA236E93245553EB00E71519 /* 2c.png in Resources */ = {isa = PBXBuildFile; fileRef = BA236E75245553EB00E71519 /* 2c.png */; };
		BA236E94245553EB00E71519 /* Qr.png in Resources */ = {isa = PBXBuildFile; fileRef = BA236E76245553EB00E71519 /* Qr.png */; };
		BA236E95245553EB00E71519 /* 4r.png in Resources */ = {isa = PBXBuildFile; fileRef = BA236E77245553EB00E71519 /* 4r.png */; };
		BA236E96245553EB00E71519 /* 4b.png in Resources */ = {isa = PBXBuildFile; fileRef = BA236E78245553EB00E71519 /* 4b.png */; };
		BA236E97245553EB00E71519 /* 4c.png in Resources */ = {isa = PBXBuildFile; fileRef = BA236E79245553EB00E71519 /* 4c.png */; };
/* End PBXBuildFile section */

/* Begin PBXFileReference section */
		BA236E442455505600E71519 /* Danhbai03.app */ = {isa = PBXFileReference; explicitFileType = wrapper.application; includeInIndex = 0; path = Danhbai03.app; sourceTree = BUILT_PRODUCTS_DIR; };
		BA236E472455505600E71519 /* AppDelegate.swift */ = {isa = PBXFileReference; lastKnownFileType = sourcecode.swift; path = AppDelegate.swift; sourceTree = "<group>"; };
		BA236E492455505600E71519 /* SceneDelegate.swift */ = {isa = PBXFileReference; lastKnownFileType = sourcecode.swift; path = SceneDelegate.swift; sourceTree = "<group>"; };
		BA236E4B2455505600E71519 /* ViewController.swift */ = {isa = PBXFileReference; lastKnownFileType = sourcecode.swift; path = ViewController.swift; sourceTree = "<group>"; };
		BA236E4E2455505600E71519 /* Base */ = {isa = PBXFileReference; lastKnownFileType = file.storyboard; name = Base; path = Base.lproj/Main.storyboard; sourceTree = "<group>"; };
		BA236E502455505900E71519 /* Assets.xcassets */ = {isa = PBXFileReference; lastKnownFileType = folder.assetcatalog; path = Assets.xcassets; sourceTree = "<group>"; };
		BA236E532455505900E71519 /* Base */ = {isa = PBXFileReference; lastKnownFileType = file.storyboard; name = Base; path = Base.lproj/LaunchScreen.storyboard; sourceTree = "<group>"; };
		BA236E552455505900E71519 /* Info.plist */ = {isa = PBXFileReference; lastKnownFileType = text.plist.xml; path = Info.plist; sourceTree = "<group>"; };
		BA236E5C245553EB00E71519 /* Ar.png */ = {isa = PBXFileReference; lastKnownFileType = image.png; path = Ar.png; sourceTree = "<group>"; };
		BA236E5D245553EB00E71519 /* 3co.png */ = {isa = PBXFileReference; lastKnownFileType = image.png; path = 3co.png; sourceTree = "<group>"; };
		BA236E5E245553EB00E71519 /* Ac.png */ = {isa = PBXFileReference; lastKnownFileType = image.png; path = Ac.png; sourceTree = "<group>"; };
		BA236E5F245553EB00E71519 /* Ab.png */ = {isa = PBXFileReference; lastKnownFileType = image.png; path = Ab.png; sourceTree = "<group>"; };
		BA236E60245553EB00E71519 /* Qco.png */ = {isa = PBXFileReference; lastKnownFileType = image.png; path = Qco.png; sourceTree = "<group>"; };
		BA236E61245553EB00E71519 /* Jco.png */ = {isa = PBXFileReference; lastKnownFileType = image.png; path = Jco.png; sourceTree = "<group>"; };
		BA236E62245553EB00E71519 /* Jb.png */ = {isa = PBXFileReference; lastKnownFileType = image.png; path = Jb.png; sourceTree = "<group>"; };
		BA236E63245553EB00E71519 /* 2co.png */ = {isa = PBXFileReference; lastKnownFileType = image.png; path = 2co.png; sourceTree = "<group>"; };
		BA236E64245553EB00E71519 /* Jc.png */ = {isa = PBXFileReference; lastKnownFileType = image.png; path = Jc.png; sourceTree = "<group>"; };
		BA236E65245553EB00E71519 /* Kr.png */ = {isa = PBXFileReference; lastKnownFileType = image.png; path = Kr.png; sourceTree = "<group>"; };
		BA236E66245553EB00E71519 /* Kco.png */ = {isa = PBXFileReference; lastKnownFileType = image.png; path = Kco.png; sourceTree = "<group>"; };
		BA236E67245553EB00E71519 /* Jr.png */ = {isa = PBXFileReference; lastKnownFileType = image.png; path = Jr.png; sourceTree = "<group>"; };
		BA236E68245553EB00E71519 /* 4co.png */ = {isa = PBXFileReference; lastKnownFileType = image.png; path = 4co.png; sourceTree = "<group>"; };
		BA236E69245553EB00E71519 /* Kc.png */ = {isa = PBXFileReference; lastKnownFileType = image.png; path = Kc.png; sourceTree = "<group>"; };
		BA236E6A245553EB00E71519 /* Kb.png */ = {isa = PBXFileReference; lastKnownFileType = image.png; path = Kb.png; sourceTree = "<group>"; };
		BA236E6B245553EB00E71519 /* 3c.png */ = {isa = PBXFileReference; lastKnownFileType = image.png; path = 3c.png; sourceTree = "<group>"; };
		BA236E6C245553EB00E71519 /* 3b.png */ = {isa = PBXFileReference; lastKnownFileType = image.png; path = 3b.png; sourceTree = "<group>"; };
		BA236E6D245553EB00E71519 /* Qb.png */ = {isa = PBXFileReference; lastKnownFileType = image.png; path = Qb.png; sourceTree = "<group>"; };
		BA236E6E245553EB00E71519 /* 8co.png */ = {isa = PBXFileReference; lastKnownFileType = image.png; path = 8co.png; sourceTree = "<group>"; };
		BA236E6F245553EB00E71519 /* 2r.png */ = {isa = PBXFileReference; lastKnownFileType = image.png; path = 2r.png; sourceTree = "<group>"; };
		BA236E70245553EB00E71519 /* Qc.png */ = {isa = PBXFileReference; lastKnownFileType = image.png; path = Qc.png; sourceTree = "<group>"; };
		BA236E71245553EB00E71519 /* 3r.png */ = {isa = PBXFileReference; lastKnownFileType = image.png; path = 3r.png; sourceTree = "<group>"; };
		BA236E72245553EB00E71519 /* matup.png */ = {isa = PBXFileReference; lastKnownFileType = image.png; path = matup.png; sourceTree = "<group>"; };
		BA236E73245553EB00E71519 /* 2b.png */ = {isa = PBXFileReference; lastKnownFileType = image.png; path = 2b.png; sourceTree = "<group>"; };
		BA236E74245553EB00E71519 /* Aco.png */ = {isa = PBXFileReference; lastKnownFileType = image.png; path = Aco.png; sourceTree = "<group>"; };
		BA236E75245553EB00E71519 /* 2c.png */ = {isa = PBXFileReference; lastKnownFileType = image.png; path = 2c.png; sourceTree = "<group>"; };
		BA236E76245553EB00E71519 /* Qr.png */ = {isa = PBXFileReference; lastKnownFileType = image.png; path = Qr.png; sourceTree = "<group>"; };
		BA236E77245553EB00E71519 /* 4r.png */ = {isa = PBXFileReference; lastKnownFileType = image.png; path = 4r.png; sourceTree = "<group>"; };
		BA236E78245553EB00E71519 /* 4b.png */ = {isa = PBXFileReference; lastKnownFileType = image.png; path = 4b.png; sourceTree = "<group>"; };
		BA236E79245553EB00E71519 /* 4c.png */ = {isa = PBXFileReference; lastKnownFileType = image.png; path = 4c.png; sourceTree = "<group>"; };
/* End PBXFileReference section */

/* Begin PBXFrameworksBuildPhase section */
		BA236E412455505600E71519 /* Frameworks */ = {
			isa = PBXFrameworksBuildPhase;
			buildActionMask = 2147483647;
			files = (
			);
			runOnlyForDeploymentPostprocessing = 0;
		};
/* End PBXFrameworksBuildPhase section */

/* Begin PBXGroup section */
		BA236E3B2455505600E71519 = {
			isa = PBXGroup;
			children = (
				BA236E462455505600E71519 /* Danhbai03 */,
				BA236E452455505600E71519 /* Products */,
			);
			sourceTree = "<group>";
		};
		BA236E452455505600E71519 /* Products */ = {
			isa = PBXGroup;
			children = (
				BA236E442455505600E71519 /* Danhbai03.app */,
			);
			name = Products;
			sourceTree = "<group>";
		};
		BA236E462455505600E71519 /* Danhbai03 */ = {
			isa = PBXGroup;
			children = (
				BA236E5B245553EB00E71519 /* Bitmap_Bobai */,
				BA236E472455505600E71519 /* AppDelegate.swift */,
				BA236E492455505600E71519 /* SceneDelegate.swift */,
				BA236E4B2455505600E71519 /* ViewController.swift */,
				BA236E4D2455505600E71519 /* Main.storyboard */,
				BA236E502455505900E71519 /* Assets.xcassets */,
				BA236E522455505900E71519 /* LaunchScreen.storyboard */,
				BA236E552455505900E71519 /* Info.plist */,
			);
			path = Danhbai03;
			sourceTree = "<group>";
		};
		BA236E5B245553EB00E71519 /* Bitmap_Bobai */ = {
			isa = PBXGroup;
			children = (
				BA236E5C245553EB00E71519 /* Ar.png */,
				BA236E5D245553EB00E71519 /* 3co.png */,
				BA236E5E245553EB00E71519 /* Ac.png */,
				BA236E5F245553EB00E71519 /* Ab.png */,
				BA236E60245553EB00E71519 /* Qco.png */,
				BA236E61245553EB00E71519 /* Jco.png */,
				BA236E62245553EB00E71519 /* Jb.png */,
				BA236E63245553EB00E71519 /* 2co.png */,
				BA236E64245553EB00E71519 /* Jc.png */,
				BA236E65245553EB00E71519 /* Kr.png */,
				BA236E66245553EB00E71519 /* Kco.png */,
				BA236E67245553EB00E71519 /* Jr.png */,
				BA236E68245553EB00E71519 /* 4co.png */,
				BA236E69245553EB00E71519 /* Kc.png */,
				BA236E6A245553EB00E71519 /* Kb.png */,
				BA236E6B245553EB00E71519 /* 3c.png */,
				BA236E6C245553EB00E71519 /* 3b.png */,
				BA236E6D245553EB00E71519 /* Qb.png */,
				BA236E6E245553EB00E71519 /* 8co.png */,
				BA236E6F245553EB00E71519 /* 2r.png */,
				BA236E70245553EB00E71519 /* Qc.png */,
				BA236E71245553EB00E71519 /* 3r.png */,
				BA236E72245553EB00E71519 /* matup.png */,
				BA236E73245553EB00E71519 /* 2b.png */,
				BA236E74245553EB00E71519 /* Aco.png */,
				BA236E75245553EB00E71519 /* 2c.png */,
				BA236E76245553EB00E71519 /* Qr.png */,
				BA236E77245553EB00E71519 /* 4r.png */,
				BA236E78245553EB00E71519 /* 4b.png */,
				BA236E79245553EB00E71519 /* 4c.png */,
			);
			path = Bitmap_Bobai;
			sourceTree = "<group>";
		};
/* End PBXGroup section */

/* Begin PBXNativeTarget section */
		BA236E432455505600E71519 /* Danhbai03 */ = {
			isa = PBXNativeTarget;
			buildConfigurationList = BA236E582455505900E71519 /* Build configuration list for PBXNativeTarget "Danhbai03" */;
			buildPhases = (
				BA236E402455505600E71519 /* Sources */,
				BA236E412455505600E71519 /* Frameworks */,
				BA236E422455505600E71519 /* Resources */,
			);
			buildRules = (
			);
			dependencies = (
			);
			name = Danhbai03;
			productName = Danhbai03;
			productReference = BA236E442455505600E71519 /* Danhbai03.app */;
			productType = "com.apple.product-type.application";
		};
/* End PBXNativeTarget section */

/* Begin PBXProject section */
		BA236E3C2455505600E71519 /* Project object */ = {
			isa = PBXProject;
			attributes = {
				LastSwiftUpdateCheck = 1140;
				LastUpgradeCheck = 1140;
				ORGANIZATIONNAME = Henry;
				TargetAttributes = {
					BA236E432455505600E71519 = {
						CreatedOnToolsVersion = 11.4.1;
					};
				};
			};
			buildConfigurationList = BA236E3F2455505600E71519 /* Build configuration list for PBXProject "Danhbai03" */;
			compatibilityVersion = "Xcode 9.3";
			developmentRegion = en;
			hasScannedForEncodings = 0;
			knownRegions = (
				en,
				Base,
			);
			mainGroup = BA236E3B2455505600E71519;
			productRefGroup = BA236E452455505600E71519 /* Products */;
			projectDirPath = "";
			projectRoot = "";
			targets = (
				BA236E432455505600E71519 /* Danhbai03 */,
			);
		};
/* End PBXProject section */

/* Begin PBXResourcesBuildPhase section */
		BA236E422455505600E71519 /* Resources */ = {
			isa = PBXResourcesBuildPhase;
			buildActionMask = 2147483647;
			files = (
				BA236E8F245553EB00E71519 /* 3r.png in Resources */,
				BA236E86245553EB00E71519 /* 4co.png in Resources */,
				BA236E85245553EB00E71519 /* Jr.png in Resources */,
				BA236E83245553EB00E71519 /* Kr.png in Resources */,
				BA236E7A245553EB00E71519 /* Ar.png in Resources */,
				BA236E81245553EB00E71519 /* 2co.png in Resources */,
				BA236E89245553EB00E71519 /* 3c.png in Resources */,
				BA236E90245553EB00E71519 /* matup.png in Resources */,
				BA236E8C245553EB00E71519 /* 8co.png in Resources */,
				BA236E542455505900E71519 /* LaunchScreen.storyboard in Resources */,
				BA236E94245553EB00E71519 /* Qr.png in Resources */,
				BA236E8D245553EB00E71519 /* 2r.png in Resources */,
				BA236E512455505900E71519 /* Assets.xcassets in Resources */,
				BA236E8B245553EB00E71519 /* Qb.png in Resources */,
				BA236E87245553EB00E71519 /* Kc.png in Resources */,
				BA236E96245553EB00E71519 /* 4b.png in Resources */,
				BA236E84245553EB00E71519 /* Kco.png in Resources */,
				BA236E8E245553EB00E71519 /* Qc.png in Resources */,
				BA236E8A245553EB00E71519 /* 3b.png in Resources */,
				BA236E92245553EB00E71519 /* Aco.png in Resources */,
				BA236E7F245553EB00E71519 /* Jco.png in Resources */,
				BA236E7D245553EB00E71519 /* Ab.png in Resources */,
				BA236E82245553EB00E71519 /* Jc.png in Resources */,
				BA236E97245553EB00E71519 /* 4c.png in Resources */,
				BA236E80245553EB00E71519 /* Jb.png in Resources */,
				BA236E7C245553EB00E71519 /* Ac.png in Resources */,
				BA236E91245553EB00E71519 /* 2b.png in Resources */,
				BA236E88245553EB00E71519 /* Kb.png in Resources */,
				BA236E93245553EB00E71519 /* 2c.png in Resources */,
				BA236E7E245553EB00E71519 /* Qco.png in Resources */,
				BA236E95245553EB00E71519 /* 4r.png in Resources */,
				BA236E7B245553EB00E71519 /* 3co.png in Resources */,
				BA236E4F2455505600E71519 /* Main.storyboard in Resources */,
			);
			runOnlyForDeploymentPostprocessing = 0;
		};
/* End PBXResourcesBuildPhase section */

/* Begin PBXSourcesBuildPhase section */
		BA236E402455505600E71519 /* Sources */ = {
			isa = PBXSourcesBuildPhase;
			buildActionMask = 2147483647;
			files = (
				BA236E4C2455505600E71519 /* ViewController.swift in Sources */,
				BA236E482455505600E71519 /* AppDelegate.swift in Sources */,
				BA236E4A2455505600E71519 /* SceneDelegate.swift in Sources */,
			);
			runOnlyForDeploymentPostprocessing = 0;
		};
/* End PBXSourcesBuildPhase section */

/* Begin PBXVariantGroup section */
		BA236E4D2455505600E71519 /* Main.storyboard */ = {
			isa = PBXVariantGroup;
			children = (
				BA236E4E2455505600E71519 /* Base */,
			);
			name = Main.storyboard;
			sourceTree = "<group>";
		};
		BA236E522455505900E71519 /* LaunchScreen.storyboard */ = {
			isa = PBXVariantGroup;
			children = (
				BA236E532455505900E71519 /* Base */,
			);
			name = LaunchScreen.storyboard;
			sourceTree = "<group>";
		};
/* End PBXVariantGroup section */

/* Begin XCBuildConfiguration section */
		BA236E562455505900E71519 /* Debug */ = {
			isa = XCBuildConfiguration;
			buildSettings = {
				ALWAYS_SEARCH_USER_PATHS = NO;
				CLANG_ANALYZER_NONNULL = YES;
				CLANG_ANALYZER_NUMBER_OBJECT_CONVERSION = YES_AGGRESSIVE;
				CLANG_CXX_LANGUAGE_STANDARD = "gnu++14";
				CLANG_CXX_LIBRARY = "libc++";
				CLANG_ENABLE_MODULES = YES;
				CLANG_ENABLE_OBJC_ARC = YES;
				CLANG_ENABLE_OBJC_WEAK = YES;
				CLANG_WARN_BLOCK_CAPTURE_AUTORELEASING = YES;
				CLANG_WARN_BOOL_CONVERSION = YES;
				CLANG_WARN_COMMA = YES;
				CLANG_WARN_CONSTANT_CONVERSION = YES;
				CLANG_WARN_DEPRECATED_OBJC_IMPLEMENTATIONS = YES;
				CLANG_WARN_DIRECT_OBJC_ISA_USAGE = YES_ERROR;
				CLANG_WARN_DOCUMENTATION_COMMENTS = YES;
				CLANG_WARN_EMPTY_BODY = YES;
				CLANG_WARN_ENUM_CONVERSION = YES;
				CLANG_WARN_INFINITE_RECURSION = YES;
				CLANG_WARN_INT_CONVERSION = YES;
				CLANG_WARN_NON_LITERAL_NULL_CONVERSION = YES;
				CLANG_WARN_OBJC_IMPLICIT_RETAIN_SELF = YES;
				CLANG_WARN_OBJC_LITERAL_CONVERSION = YES;
				CLANG_WARN_OBJC_ROOT_CLASS = YES_ERROR;
				CLANG_WARN_RANGE_LOOP_ANALYSIS = YES;
				CLANG_WARN_STRICT_PROTOTYPES = YES;
				CLANG_WARN_SUSPICIOUS_MOVE = YES;
				CLANG_WARN_UNGUARDED_AVAILABILITY = YES_AGGRESSIVE;
				CLANG_WARN_UNREACHABLE_CODE = YES;
				CLANG_WARN__DUPLICATE_METHOD_MATCH = YES;
				COPY_PHASE_STRIP = NO;
				DEBUG_INFORMATION_FORMAT = dwarf;
				ENABLE_STRICT_OBJC_MSGSEND = YES;
				ENABLE_TESTABILITY = YES;
				GCC_C_LANGUAGE_STANDARD = gnu11;
				GCC_DYNAMIC_NO_PIC = NO;
				GCC_NO_COMMON_BLOCKS = YES;
				GCC_OPTIMIZATION_LEVEL = 0;
				GCC_PREPROCESSOR_DEFINITIONS = (
					"DEBUG=1",
					"$(inherited)",
				);
				GCC_WARN_64_TO_32_BIT_CONVERSION = YES;
				GCC_WARN_ABOUT_RETURN_TYPE = YES_ERROR;
				GCC_WARN_UNDECLARED_SELECTOR = YES;
				GCC_WARN_UNINITIALIZED_AUTOS = YES_AGGRESSIVE;
				GCC_WARN_UNUSED_FUNCTION = YES;
				GCC_WARN_UNUSED_VARIABLE = YES;
				IPHONEOS_DEPLOYMENT_TARGET = 12.1;
				MTL_ENABLE_DEBUG_INFO = INCLUDE_SOURCE;
				MTL_FAST_MATH = YES;
				ONLY_ACTIVE_ARCH = YES;
				SDKROOT = iphoneos;
				SWIFT_ACTIVE_COMPILATION_CONDITIONS = DEBUG;
				SWIFT_OPTIMIZATION_LEVEL = "-Onone";
			};
			name = Debug;
		};
		BA236E572455505900E71519 /* Release */ = {
			isa = XCBuildConfiguration;
			buildSettings = {
				ALWAYS_SEARCH_USER_PATHS = NO;
				CLANG_ANALYZER_NONNULL = YES;
				CLANG_ANALYZER_NUMBER_OBJECT_CONVERSION = YES_AGGRESSIVE;
				CLANG_CXX_LANGUAGE_STANDARD = "gnu++14";
				CLANG_CXX_LIBRARY = "libc++";
				CLANG_ENABLE_MODULES = YES;
				CLANG_ENABLE_OBJC_ARC = YES;
				CLANG_ENABLE_OBJC_WEAK = YES;
				CLANG_WARN_BLOCK_CAPTURE_AUTORELEASING = YES;
				CLANG_WARN_BOOL_CONVERSION = YES;
				CLANG_WARN_COMMA = YES;
				CLANG_WARN_CONSTANT_CONVERSION = YES;
				CLANG_WARN_DEPRECATED_OBJC_IMPLEMENTATIONS = YES;
				CLANG_WARN_DIRECT_OBJC_ISA_USAGE = YES_ERROR;
				CLANG_WARN_DOCUMENTATION_COMMENTS = YES;
				CLANG_WARN_EMPTY_BODY = YES;
				CLANG_WARN_ENUM_CONVERSION = YES;
				CLANG_WARN_INFINITE_RECURSION = YES;
				CLANG_WARN_INT_CONVERSION = YES;
				CLANG_WARN_NON_LITERAL_NULL_CONVERSION = YES;
				CLANG_WARN_OBJC_IMPLICIT_RETAIN_SELF = YES;
				CLANG_WARN_OBJC_LITERAL_CONVERSION = YES;
				CLANG_WARN_OBJC_ROOT_CLASS = YES_ERROR;
				CLANG_WARN_RANGE_LOOP_ANALYSIS = YES;
				CLANG_WARN_STRICT_PROTOTYPES = YES;
				CLANG_WARN_SUSPICIOUS_MOVE = YES;
				CLANG_WARN_UNGUARDED_AVAILABILITY = YES_AGGRESSIVE;
				CLANG_WARN_UNREACHABLE_CODE = YES;
				CLANG_WARN__DUPLICATE_METHOD_MATCH = YES;
				COPY_PHASE_STRIP = NO;
				DEBUG_INFORMATION_FORMAT = "dwarf-with-dsym";
				ENABLE_NS_ASSERTIONS = NO;
				ENABLE_STRICT_OBJC_MSGSEND = YES;
				GCC_C_LANGUAGE_STANDARD = gnu11;
				GCC_NO_COMMON_BLOCKS = YES;
				GCC_WARN_64_TO_32_BIT_CONVERSION = YES;
				GCC_WARN_ABOUT_RETURN_TYPE = YES_ERROR;
				GCC_WARN_UNDECLARED_SELECTOR = YES;
				GCC_WARN_UNINITIALIZED_AUTOS = YES_AGGRESSIVE;
				GCC_WARN_UNUSED_FUNCTION = YES;
				GCC_WARN_UNUSED_VARIABLE = YES;
				IPHONEOS_DEPLOYMENT_TARGET = 12.1;
				MTL_ENABLE_DEBUG_INFO = NO;
				MTL_FAST_MATH = YES;
				SDKROOT = iphoneos;
				SWIFT_COMPILATION_MODE = wholemodule;
				SWIFT_OPTIMIZATION_LEVEL = "-O";
				VALIDATE_PRODUCT = YES;
			};
			name = Release;
		};
		BA236E592455505900E71519 /* Debug */ = {
			isa = XCBuildConfiguration;
			buildSettings = {
				ASSETCATALOG_COMPILER_APPICON_NAME = AppIcon;
				CODE_SIGN_IDENTITY = "iPhone Developer";
				CODE_SIGN_STYLE = Automatic;
				DEVELOPMENT_TEAM = 9CZABXD74T;
				INFOPLIST_FILE = Danhbai03/Info.plist;
				IPHONEOS_DEPLOYMENT_TARGET = 12.1;
				LD_RUNPATH_SEARCH_PATHS = (
					"$(inherited)",
					"@executable_path/Frameworks",
				);
				PRODUCT_BUNDLE_IDENTIFIER = "HD-Company.Danhbai03";
				PRODUCT_NAME = "$(TARGET_NAME)";
				SWIFT_VERSION = 5.0;
				TARGETED_DEVICE_FAMILY = 1;
			};
			name = Debug;
		};
		BA236E5A2455505900E71519 /* Release */ = {
			isa = XCBuildConfiguration;
			buildSettings = {
				ASSETCATALOG_COMPILER_APPICON_NAME = AppIcon;
				CODE_SIGN_IDENTITY = "iPhone Developer";
				CODE_SIGN_STYLE = Automatic;
				DEVELOPMENT_TEAM = 9CZABXD74T;
				INFOPLIST_FILE = Danhbai03/Info.plist;
				IPHONEOS_DEPLOYMENT_TARGET = 12.1;
				LD_RUNPATH_SEARCH_PATHS = (
					"$(inherited)",
					"@executable_path/Frameworks",
				);
				PRODUCT_BUNDLE_IDENTIFIER = "HD-Company.Danhbai03";
				PRODUCT_NAME = "$(TARGET_NAME)";
				SWIFT_VERSION = 5.0;
				TARGETED_DEVICE_FAMILY = 1;
			};
			name = Release;
		};
/* End XCBuildConfiguration section */

/* Begin XCConfigurationList section */
		BA236E3F2455505600E71519 /* Build configuration list for PBXProject "Danhbai03" */ = {
			isa = XCConfigurationList;
			buildConfigurations = (
				BA236E562455505900E71519 /* Debug */,
				BA236E572455505900E71519 /* Release */,
			);
			defaultConfigurationIsVisible = 0;
			defaultConfigurationName = Release;
		};
		BA236E582455505900E71519 /* Build configuration list for PBXNativeTarget "Danhbai03" */ = {
			isa = XCConfigurationList;
			buildConfigurations = (
				BA236E592455505900E71519 /* Debug */,
				BA236E5A2455505900E71519 /* Release */,
			);
			defaultConfigurationIsVisible = 0;
			defaultConfigurationName = Release;
		};
/* End XCConfigurationList section */
	};
	rootObject = BA236E3C2455505600E71519 /* Project object */;
}
